
Microsoft Visual Studio Solution File, Format Version 12.00
# Visual Studio Version 17
VisualStudioVersion = 17.9.34728.123
MinimumVisualStudioVersion = 10.0.40219.1
Project("{FAE04EC0-301F-11D3-BF4B-00C04F79EFBC}") = "coffeeShop", "coffeeShop\coffeeShop.csproj", "{511C3EAD-DECB-4147-A5CF-1354494E1400}"
EndProject
Global
	GlobalSection(SolutionConfigurationPlatforms) = preSolution
		Debug|Any CPU = Debug|Any CPU
		Release|Any CPU = Release|Any CPU
	EndGlobalSection
	GlobalSection(ProjectConfigurationPlatforms) = postSolution
		{511C3EAD-DECB-4147-A5CF-1354494E1400}.Debug|Any CPU.ActiveCfg = Debug|Any CPU
		{511C3EAD-DECB-4147-A5CF-1354494E1400}.Debug|Any CPU.Build.0 = Debug|Any CPU
		{511C3EAD-DECB-4147-A5CF-1354494E1400}.Release|Any CPU.ActiveCfg = Release|Any CPU
		{511C3EAD-DECB-4147-A5CF-1354494E1400}.Release|Any CPU.Build.0 = Release|Any CPU
	EndGlobalSection
	GlobalSection(SolutionProperties) = preSolution
		HideSolutionNode = FALSE
	EndGlobalSection
	GlobalSection(ExtensibilityGlobals) = postSolution
		SolutionGuid = {DD720821-FAD9-4D0F-B824-A03ADA490FE5}
	EndGlobalSection
EndGlobal
